
Microsoft Visual Studio Solution File, Format Version 12.00
# Visual Studio Version 17
VisualStudioVersion = 17.1.32328.378
MinimumVisualStudioVersion = 10.0.40219.1
Project("{FAE04EC0-301F-11D3-BF4B-00C04F79EFBC}") = "Advanced3", "Advanced3\Advanced3.csproj", "{B27CF7A4-2B0D-4ED7-9AD7-6585B35E16E8}"
EndProject
Global
	GlobalSection(SolutionConfigurationPlatforms) = preSolution
		Debug|Any CPU = Debug|Any CPU
		Release|Any CPU = Release|Any CPU
	EndGlobalSection
	GlobalSection(ProjectConfigurationPlatforms) = postSolution
		{B27CF7A4-2B0D-4ED7-9AD7-6585B35E16E8}.Debug|Any CPU.ActiveCfg = Debug|Any CPU
		{B27CF7A4-2B0D-4ED7-9AD7-6585B35E16E8}.Debug|Any CPU.Build.0 = Debug|Any CPU
		{B27CF7A4-2B0D-4ED7-9AD7-6585B35E16E8}.Release|Any CPU.ActiveCfg = Release|Any CPU
		{B27CF7A4-2B0D-4ED7-9AD7-6585B35E16E8}.Release|Any CPU.Build.0 = Release|Any CPU
	EndGlobalSection
	GlobalSection(SolutionProperties) = preSolution
		HideSolutionNode = FALSE
	EndGlobalSection
	GlobalSection(ExtensibilityGlobals) = postSolution
		SolutionGuid = {FA02ED49-D08E-4F1D-804A-55A4C9C70FD8}
	EndGlobalSection
EndGlobal
